{
    "_readme": [
        "This file locks the dependencies of your project to a known state",
        "Read more about it at https://getcomposer.org/doc/01-basic-usage.md#installing-dependencies",
        "This file is @generated automatically"
    ],
    "content-hash": "5b43b45d5013559f47946a8bb8f2a9ba",
    "packages": [
        {
            "name": "hybridauth/hybridauth",
            "version": "v3.1.1",
            "source": {
                "type": "git",
                "url": "https://github.com/hybridauth/hybridauth.git",
                "reference": "020be6991e7ae9f1ffaabae6586245d2a9626273"
            },
            "dist": {
                "type": "zip",
                "url": "https://api.github.com/repos/hybridauth/hybridauth/zipball/020be6991e7ae9f1ffaabae6586245d2a9626273",
                "reference": "020be6991e7ae9f1ffaabae6586245d2a9626273",
                "shasum": ""
            },
            "require": {
                "php": ">=5.4.0"
            },
            "require-dev": {
                "ext-curl": "*",
                "phpunit/phpunit": "~4.8.35"
            },
            "type": "library",
            "extra": {
                "branch-alias": {
                    "dev-master": "3.0-dev"
                }
            },
            "autoload": {
                "psr-4": {
                    "Hybridauth\\": "src/"
                }
            },
            "notification-url": "https://packagist.org/downloads/",
            "license": [
                "MIT"
            ],
            "authors": [
                {
                    "name": "Miled",
                    "email": "hybridauth@gmail.com"
                }
            ],
            "description": "PHP Social Authentication Library",
            "homepage": "https://hybridauth.github.io",
            "keywords": [
                "Authentication",
                "OpenId",
                "api",
                "authorization",
                "facebook",
                "google",
                "oauth",
                "social",
                "twitter"
            ],
            "support": {
                "gitter": "https://gitter.im/hybridauth/hybridauth",
                "issues": "https://github.com/hybridauth/hybridauth/issues",
                "source": "https://github.com/hybridauth/hybridauth/tree/master"
            },
            "time": "2019-12-27T09:26:40+00:00"
        },
        {
            "name": "jankx/helpers",
            "version": "dev-master",
            "source": {
                "type": "git",
                "url": "https://github.com/jankx/helpers.git",
                "reference": "c09d54291f778eb5aaa84631417fefb48c20f133"
            },
            "dist": {
                "type": "zip",
                "url": "https://api.github.com/repos/jankx/helpers/zipball/c09d54291f778eb5aaa84631417fefb48c20f133",
                "reference": "c09d54291f778eb5aaa84631417fefb48c20f133",
                "shasum": ""
            },
            "default-branch": true,
            "type": "library",
            "autoload": {
                "files": [
                    "./loader.php"
                ],
                "psr-4": {
                    "Jankx\\Helpers\\": "src/Helpers"
                }
            },
            "notification-url": "https://packagist.org/downloads/",
            "license": [
                "MIT"
            ],
            "authors": [
                {
                    "name": "Puleeno Nguyen",
                    "email": "puleeno@gmail.com"
                }
            ],
            "description": "The helpers for Jankx Framework",
            "support": {
                "issues": "https://github.com/jankx/helpers/issues",
                "source": "https://github.com/jankx/helpers/tree/master"
            },
            "time": "2022-01-30T16:41:56+00:00"
        },
        {
            "name": "jankx/plates",
            "version": "v3.x-dev",
            "source": {
                "type": "git",
                "url": "https://github.com/jankx/plates.git",
                "reference": "3732d552284792a596d6d0386dc80ac56e67bde1"
            },
            "dist": {
                "type": "zip",
                "url": "https://api.github.com/repos/jankx/plates/zipball/3732d552284792a596d6d0386dc80ac56e67bde1",
                "reference": "3732d552284792a596d6d0386dc80ac56e67bde1",
                "shasum": ""
            },
            "require": {
                "php": "^7.0|^8.0"
            },
            "require-dev": {
                "mikey179/vfsstream": "^1.6",
                "phpunit/phpunit": "^9.5",
                "squizlabs/php_codesniffer": "^3.5"
            },
            "default-branch": true,
            "type": "library",
            "extra": {
                "branch-alias": {
                    "dev-master": "3.0-dev"
                }
            },
            "autoload": {
                "psr-4": {
                    "League\\Plates\\": "src"
                }
            },
            "notification-url": "https://packagist.org/downloads/",
            "license": [
                "MIT"
            ],
            "authors": [
                {
                    "name": "Jonathan Reinink",
                    "email": "jonathan@reinink.ca",
                    "role": "Developer"
                },
                {
                    "name": "RJ Garcia",
                    "email": "ragboyjr@icloud.com",
                    "role": "Developer"
                }
            ],
            "description": "Plates, the native PHP template system that's fast, easy to use and easy to extend.",
            "homepage": "https://platesphp.com",
            "keywords": [
                "league",
                "package",
                "templates",
                "templating",
                "views"
            ],
            "support": {
                "source": "https://github.com/jankx/plates/tree/v3"
            },
            "time": "2021-05-18T16:17:03+00:00"
        },
        {
            "name": "jankx/template",
            "version": "dev-master",
            "source": {
                "type": "git",
                "url": "https://github.com/jankx/template.git",
                "reference": "13972af86a8941d7459141aaef5159799f01103d"
            },
            "dist": {
                "type": "zip",
                "url": "https://api.github.com/repos/jankx/template/zipball/13972af86a8941d7459141aaef5159799f01103d",
                "reference": "13972af86a8941d7459141aaef5159799f01103d",
                "shasum": ""
            },
            "require": {
                "jankx/template-engine": "*"
            },
            "default-branch": true,
            "type": "library",
            "autoload": {
                "psr-4": {
                    "Jankx\\Template\\": "src/"
                }
            },
            "notification-url": "https://packagist.org/downloads/",
            "license": [
                "MIT"
            ],
            "authors": [
                {
                    "name": "Puleeno Nguyen",
                    "email": "puleeno@gmail.com"
                }
            ],
            "description": "Jankx Template is used to load the template support override, caching.",
            "support": {
                "issues": "https://github.com/jankx/template/issues",
                "source": "https://github.com/jankx/template/tree/master"
            },
            "time": "2022-08-20T09:57:09+00:00"
        },
        {
            "name": "jankx/template-engine",
            "version": "dev-master",
            "source": {
                "type": "git",
                "url": "https://github.com/jankx/template-engine.git",
                "reference": "2f15e0cb42ae97eb94339734ff9f2ae151fc5f80"
            },
            "dist": {
                "type": "zip",
                "url": "https://api.github.com/repos/jankx/template-engine/zipball/2f15e0cb42ae97eb94339734ff9f2ae151fc5f80",
                "reference": "2f15e0cb42ae97eb94339734ff9f2ae151fc5f80",
                "shasum": ""
            },
            "require": {
                "jankx/helpers": "*",
                "jankx/plates": "*"
            },
            "default-branch": true,
            "type": "library",
            "autoload": {
                "psr-4": {
                    "Jankx\\TemplateEngine\\": "src/"
                }
            },
            "notification-url": "https://packagist.org/downloads/",
            "license": [
                "MIT"
            ],
            "authors": [
                {
                    "name": "Puleeno Nguyen",
                    "email": "puleeno@gmail.com"
                }
            ],
            "description": "The template engine for Jankx Framework",
            "support": {
                "issues": "https://github.com/jankx/template-engine/issues",
                "source": "https://github.com/jankx/template-engine/tree/master"
            },
            "time": "2021-08-19T14:17:34+00:00"
        },
        {
            "name": "psr/log",
            "version": "1.1.4",
            "source": {
                "type": "git",
                "url": "https://github.com/php-fig/log.git",
                "reference": "d49695b909c3b7628b6289db5479a1c204601f11"
            },
            "dist": {
                "type": "zip",
                "url": "https://api.github.com/repos/php-fig/log/zipball/d49695b909c3b7628b6289db5479a1c204601f11",
                "reference": "d49695b909c3b7628b6289db5479a1c204601f11",
                "shasum": ""
            },
            "require": {
                "php": ">=5.3.0"
            },
            "type": "library",
            "extra": {
                "branch-alias": {
                    "dev-master": "1.1.x-dev"
                }
            },
            "autoload": {
                "psr-4": {
                    "Psr\\Log\\": "Psr/Log/"
                }
            },
            "notification-url": "https://packagist.org/downloads/",
            "license": [
                "MIT"
            ],
            "authors": [
                {
                    "name": "PHP-FIG",
                    "homepage": "https://www.php-fig.org/"
                }
            ],
            "description": "Common interface for logging libraries",
            "homepage": "https://github.com/php-fig/log",
            "keywords": [
                "log",
                "psr",
                "psr-3"
            ],
            "support": {
                "source": "https://github.com/php-fig/log/tree/1.1.4"
            },
            "time": "2021-05-03T11:20:27+00:00"
        },
        {
            "name": "ramphor/embrati",
            "version": "dev-master",
            "source": {
                "type": "git",
                "url": "https://github.com/ramphor/embrati.git",
                "reference": "bdb94fce158d15c3152740f4e2a2356ffbb37ee8"
            },
            "dist": {
                "type": "zip",
                "url": "https://api.github.com/repos/ramphor/embrati/zipball/bdb94fce158d15c3152740f4e2a2356ffbb37ee8",
                "reference": "bdb94fce158d15c3152740f4e2a2356ffbb37ee8",
                "shasum": ""
            },
            "default-branch": true,
            "type": "library",
            "autoload": {
                "psr-4": {
                    "Embrati\\": "./src/"
                }
            },
            "notification-url": "https://packagist.org/downloads/",
            "license": [
                "GPL-2.0-only"
            ],
            "authors": [
                {
                    "name": "Ramphor Premium",
                    "email": "puleeno@gmail.com"
                }
            ],
            "description": "Embed rating",
            "support": {
                "issues": "https://github.com/ramphor/embrati/issues",
                "source": "https://github.com/ramphor/embrati/tree/0.5.0"
            },
            "time": "2021-03-27T04:22:56+00:00"
        },
        {
            "name": "ramphor/guzzle",
            "version": "1.0.1",
            "source": {
                "type": "git",
                "url": "https://github.com/ramphor/guzzlehttp.git",
                "reference": "c74e2d7f9625bc4c1912f4b5ce4e7b3e5b8167a1"
            },
            "dist": {
                "type": "zip",
                "url": "https://api.github.com/repos/ramphor/guzzlehttp/zipball/c74e2d7f9625bc4c1912f4b5ce4e7b3e5b8167a1",
                "reference": "c74e2d7f9625bc4c1912f4b5ce4e7b3e5b8167a1",
                "shasum": ""
            },
            "require": {
                "ext-json": "*",
                "php": ">=5.5 <7.2 || >=7.2.5"
            },
            "provide": {
                "psr/http-client-implementation": "1.0"
            },
            "type": "library",
            "autoload": {
                "files": [
                    "./guzzle.php"
                ]
            },
            "notification-url": "https://packagist.org/downloads/",
            "license": [
                "MIT"
            ],
            "authors": [
                {
                    "name": "Ramphor Premium",
                    "email": "puleeno@gmail.com"
                }
            ],
            "description": "Guzzle HTTP Client for WordPress plugins",
            "support": {
                "issues": "https://github.com/ramphor/guzzlehttp/issues",
                "source": "https://github.com/ramphor/guzzlehttp/tree/1.0.1"
            },
            "time": "2020-07-11T16:36:18+00:00"
        },
        {
            "name": "ramphor/logger",
            "version": "1.0.0",
            "source": {
                "type": "git",
                "url": "https://github.com/ramphor/logger.git",
                "reference": "2f3933b74b84c2e9414f4bd7dab4ba2304f19e5d"
            },
            "dist": {
                "type": "zip",
                "url": "https://api.github.com/repos/ramphor/logger/zipball/2f3933b74b84c2e9414f4bd7dab4ba2304f19e5d",
                "reference": "2f3933b74b84c2e9414f4bd7dab4ba2304f19e5d",
                "shasum": ""
            },
            "require": {
                "psr/log": "^1.1.3"
            },
            "type": "library",
            "autoload": {
                "files": [
                    "includes/autoload.php"
                ],
                "psr-4": {
                    "Ramphor\\Logger\\": "src"
                }
            },
            "notification-url": "https://packagist.org/downloads/",
            "license": [
                "MIT"
            ],
            "authors": [
                {
                    "name": "Puleeno Nguyen",
                    "email": "puleeno@gmail.com"
                }
            ],
            "description": "Wrap the Monolog library for WordPress themes and plugins",
            "support": {
                "issues": "https://github.com/ramphor/logger/issues",
                "source": "https://github.com/ramphor/logger/tree/1.0.0"
            },
            "time": "2020-08-23T03:17:05+00:00"
        },
        {
            "name": "ramphor/plugin-core",
            "version": "dev-master",
            "source": {
                "type": "git",
                "url": "https://github.com/ramphor/plugin-core.git",
                "reference": "1ccc9d026c2c90eb9488f7759eda73530d2d7057"
            },
            "dist": {
                "type": "zip",
                "url": "https://api.github.com/repos/ramphor/plugin-core/zipball/1ccc9d026c2c90eb9488f7759eda73530d2d7057",
                "reference": "1ccc9d026c2c90eb9488f7759eda73530d2d7057",
                "shasum": ""
            },
            "default-branch": true,
            "type": "library",
            "autoload": {
                "psr-4": {
                    "Ramphor\\Core\\": "src/"
                }
            },
            "notification-url": "https://packagist.org/downloads/",
            "license": [
                "GPL-2.0-or-later"
            ],
            "authors": [
                {
                    "name": "Puleeno Nguyen",
                    "email": "puleeno@gmail.com"
                }
            ],
            "description": "The core of plugins are developed by The Ramphor Premium",
            "support": {
                "issues": "https://github.com/ramphor/plugin-core/issues",
                "source": "https://github.com/ramphor/plugin-core/tree/master"
            },
            "time": "2021-03-25T05:12:19+00:00"
        },
        {
            "name": "ramphor/post-columns",
            "version": "dev-master",
            "source": {
                "type": "git",
                "url": "https://github.com/ramphor/post-columns.git",
                "reference": "e235bd6d5e3ec8d2ad83f8583ac1b925889b9c39"
            },
            "dist": {
                "type": "zip",
                "url": "https://api.github.com/repos/ramphor/post-columns/zipball/e235bd6d5e3ec8d2ad83f8583ac1b925889b9c39",
                "reference": "e235bd6d5e3ec8d2ad83f8583ac1b925889b9c39",
                "shasum": ""
            },
            "default-branch": true,
            "type": "library",
            "autoload": {
                "psr-4": {
                    "Ramphor\\PostColumns\\": "src/"
                }
            },
            "notification-url": "https://packagist.org/downloads/",
            "license": [
                "MIT"
            ],
            "authors": [
                {
                    "name": "Puleeno Nguyen",
                    "email": "puleeno@gmail.com"
                }
            ],
            "support": {
                "issues": "https://github.com/ramphor/post-columns/issues",
                "source": "https://github.com/ramphor/post-columns/tree/master"
            },
            "time": "2022-09-11T05:23:32+00:00"
        },
        {
            "name": "ramphor/user-profile",
            "version": "dev-master",
            "source": {
                "type": "git",
                "url": "https://github.com/ramphor/user-profile.git",
                "reference": "eb13a1b6969d4c1f3df4dd2d3c781a6d3466d971"
            },
            "dist": {
                "type": "zip",
                "url": "https://api.github.com/repos/ramphor/user-profile/zipball/eb13a1b6969d4c1f3df4dd2d3c781a6d3466d971",
                "reference": "eb13a1b6969d4c1f3df4dd2d3c781a6d3466d971",
                "shasum": ""
            },
            "require": {
                "hybridauth/hybridauth": "3.1.1",
                "jankx/template": "*",
                "ramphor/plugin-core": "dev-master"
            },
            "default-branch": true,
            "type": "library",
            "autoload": {
                "psr-4": {
                    "Ramphor\\User\\": "src/"
                }
            },
            "notification-url": "https://packagist.org/downloads/",
            "license": [
                "MIT"
            ],
            "authors": [
                {
                    "name": "Puleeno Nguyen",
                    "email": "puleeno@gmail.com"
                }
            ],
            "description": "User profile core for embed to other plugins or themes",
            "support": {
                "issues": "https://github.com/ramphor/user-profile/issues",
                "source": "https://github.com/ramphor/user-profile/tree/master"
            },
            "time": "2021-05-20T08:09:48+00:00"
        }
    ],
    "packages-dev": [],
    "aliases": [],
    "minimum-stability": "dev",
    "stability-flags": {
        "jankx/template": 20,
        "ramphor/embrati": 20,
        "ramphor/user-profile": 20,
        "ramphor/plugin-core": 20,
        "ramphor/post-columns": 20
    },
    "prefer-stable": false,
    "prefer-lowest": false,
    "platform": [],
    "platform-dev": [],
    "plugin-api-version": "2.1.0"
}
