{
    "_readme": [
        "This file locks the dependencies of your project to a known state",
        "Read more about it at https://getcomposer.org/doc/01-basic-usage.md#installing-dependencies",
        "This file is @generated automatically"
    ],
    "content-hash": "66d84ef03218f60f35cce9db85e32ec1",
    "packages": [
        {
            "name": "jankx/asset",
            "version": "dev-master",
            "source": {
                "type": "git",
                "url": "https://github.com/jankx/asset.git",
                "reference": "ba620c8cdec831adc2fafbcdf34afa00f2312fb1"
            },
            "dist": {
                "type": "zip",
                "url": "https://api.github.com/repos/jankx/asset/zipball/ba620c8cdec831adc2fafbcdf34afa00f2312fb1",
                "reference": "ba620c8cdec831adc2fafbcdf34afa00f2312fb1",
                "shasum": ""
            },
            "type": "library",
            "autoload": {
                "psr-4": {
                    "Jankx\\Asset\\": "src/"
                }
            },
            "notification-url": "https://packagist.org/downloads/",
            "license": [
                "MIT"
            ],
            "authors": [
                {
                    "name": "Puleeno Nguyen",
                    "email": "puleeno@gmail.com"
                }
            ],
            "description": "Jankx Assets is used to manage CSS, JS, libraries with beautiful syntax",
            "time": "2020-04-12T10:16:21+00:00"
        },
        {
            "name": "jankx/helpers",
            "version": "dev-master",
            "source": {
                "type": "git",
                "url": "https://github.com/jankx/helpers.git",
                "reference": "98e5c06724d07de99679d554b499a9cf54e2224a"
            },
            "dist": {
                "type": "zip",
                "url": "https://api.github.com/repos/jankx/helpers/zipball/98e5c06724d07de99679d554b499a9cf54e2224a",
                "reference": "98e5c06724d07de99679d554b499a9cf54e2224a",
                "shasum": ""
            },
            "type": "library",
            "autoload": {
                "files": [
                    "src/helpers.php"
                ]
            },
            "notification-url": "https://packagist.org/downloads/",
            "license": [
                "MIT"
            ],
            "authors": [
                {
                    "name": "Puleeno Nguyen",
                    "email": "puleeno@gmail.com"
                }
            ],
            "description": "The helpers for Jankx Framework",
            "time": "2020-04-14T00:56:23+00:00"
        },
        {
            "name": "jankx/template",
            "version": "dev-master",
            "source": {
                "type": "git",
                "url": "https://github.com/jankx/template.git",
                "reference": "92d75c2099d3d62f5bc911f313e98ff345b768b2"
            },
            "dist": {
                "type": "zip",
                "url": "https://api.github.com/repos/jankx/template/zipball/92d75c2099d3d62f5bc911f313e98ff345b768b2",
                "reference": "92d75c2099d3d62f5bc911f313e98ff345b768b2",
                "shasum": ""
            },
            "require": {
                "jankx/asset": "dev-master",
                "jankx/template-engine": "dev-master",
                "jankx/ui-framework": "dev-master"
            },
            "type": "library",
            "autoload": {
                "psr-4": {
                    "Jankx\\Template\\": "src/"
                }
            },
            "notification-url": "https://packagist.org/downloads/",
            "license": [
                "MIT"
            ],
            "authors": [
                {
                    "name": "Puleeno Nguyen",
                    "email": "puleeno@gmail.com"
                }
            ],
            "description": "Jankx template manager usable to load template with support override, caching",
            "time": "2020-04-14T16:23:58+00:00"
        },
        {
            "name": "jankx/template-engine",
            "version": "dev-master",
            "source": {
                "type": "git",
                "url": "https://github.com/jankx/template-engine.git",
                "reference": "cfd235ed3cfb6787ac9f3ef1693d2ec566bfff91"
            },
            "dist": {
                "type": "zip",
                "url": "https://api.github.com/repos/jankx/template-engine/zipball/cfd235ed3cfb6787ac9f3ef1693d2ec566bfff91",
                "reference": "cfd235ed3cfb6787ac9f3ef1693d2ec566bfff91",
                "shasum": ""
            },
            "require": {
                "jankx/helpers": "dev-master"
            },
            "type": "library",
            "autoload": {
                "psr-4": {
                    "Jankx\\Template\\Engine\\": "src/"
                }
            },
            "notification-url": "https://packagist.org/downloads/",
            "license": [
                "MIT"
            ],
            "authors": [
                {
                    "name": "Puleeno Nguyen",
                    "email": "puleeno@gmail.com"
                }
            ],
            "description": "The template engine for Jankx Framework",
            "time": "2020-04-14T00:58:03+00:00"
        },
        {
            "name": "jankx/ui-framework",
            "version": "dev-master",
            "source": {
                "type": "git",
                "url": "https://github.com/jankx/ui-framework.git",
                "reference": "4bba63be1b9afcd06d386e4ee5bb5fae81af77d9"
            },
            "dist": {
                "type": "zip",
                "url": "https://api.github.com/repos/jankx/ui-framework/zipball/4bba63be1b9afcd06d386e4ee5bb5fae81af77d9",
                "reference": "4bba63be1b9afcd06d386e4ee5bb5fae81af77d9",
                "shasum": ""
            },
            "require": {
                "jankx/template-engine": "dev-master"
            },
            "type": "library",
            "autoload": {
                "psr-4": {
                    "Jankx\\UI\\": "src/"
                }
            },
            "notification-url": "https://packagist.org/downloads/",
            "license": [
                "MIT"
            ],
            "authors": [
                {
                    "name": "Puleeno Nguyen",
                    "email": "puleeno@gmail.com"
                }
            ],
            "description": "Jankx UI framework integrate with popular CSS frameworks",
            "time": "2020-03-02T00:33:13+00:00"
        }
    ],
    "packages-dev": [],
    "aliases": [],
    "minimum-stability": "dev",
    "stability-flags": {
        "jankx/template": 20
    },
    "prefer-stable": false,
    "prefer-lowest": false,
    "platform": [],
    "platform-dev": [],
    "plugin-api-version": "1.1.0"
}
